// !$*UTF8*$!
{
	archiveVersion = 1;
	classes = {
	};
	objectVersion = 50;
	objects = {

/* Begin PBXBuildFile section */
		8AEA95AE21C229A4006EBB39 /* AppDelegate.swift in Sources */ = {isa = PBXBuildFile; fileRef = 8AEA95AD21C229A4006EBB39 /* AppDelegate.swift */; };
		8AEA95B321C229A4006EBB39 /* Main.storyboard in Resources */ = {isa = PBXBuildFile; fileRef = 8AEA95B121C229A4006EBB39 /* Main.storyboard */; };
		8AEA95B521C229A6006EBB39 /* Assets.xcassets in Resources */ = {isa = PBXBuildFile; fileRef = 8AEA95B421C229A6006EBB39 /* Assets.xcassets */; };
		8AEA95B821C229A6006EBB39 /* LaunchScreen.storyboard in Resources */ = {isa = PBXBuildFile; fileRef = 8AEA95B621C229A6006EBB39 /* LaunchScreen.storyboard */; };
		8AEA95C021C22A9E006EBB39 /* ContainerVC.swift in Sources */ = {isa = PBXBuildFile; fileRef = 8AEA95BF21C22A9E006EBB39 /* ContainerVC.swift */; };
		8AEA95C421C23161006EBB39 /* SideMenuVC.swift in Sources */ = {isa = PBXBuildFile; fileRef = 8AEA95C321C23161006EBB39 /* SideMenuVC.swift */; };
		8AEA95C721C23399006EBB39 /* Constant.swift in Sources */ = {isa = PBXBuildFile; fileRef = 8AEA95C621C23399006EBB39 /* Constant.swift */; };
		8AEA95CA21C23641006EBB39 /* NavigationVC.swift in Sources */ = {isa = PBXBuildFile; fileRef = 8AEA95C921C23641006EBB39 /* NavigationVC.swift */; };
		8AEA95CC21C236BE006EBB39 /* DashboardVC.swift in Sources */ = {isa = PBXBuildFile; fileRef = 8AEA95CB21C236BE006EBB39 /* DashboardVC.swift */; };
		8AEA95CE21C23893006EBB39 /* FormVC.swift in Sources */ = {isa = PBXBuildFile; fileRef = 8AEA95CD21C23893006EBB39 /* FormVC.swift */; };
		8AEA95D021C2389B006EBB39 /* CalendarVC.swift in Sources */ = {isa = PBXBuildFile; fileRef = 8AEA95CF21C2389B006EBB39 /* CalendarVC.swift */; };
		8AEA95D221C238A5006EBB39 /* HumanResourceVC.swift in Sources */ = {isa = PBXBuildFile; fileRef = 8AEA95D121C238A5006EBB39 /* HumanResourceVC.swift */; };
		8AEA95D421C238AE006EBB39 /* GuideVC.swift in Sources */ = {isa = PBXBuildFile; fileRef = 8AEA95D321C238AE006EBB39 /* GuideVC.swift */; };
/* End PBXBuildFile section */

/* Begin PBXFileReference section */
		8AEA95AA21C229A4006EBB39 /* HamburgerMenu.app */ = {isa = PBXFileReference; explicitFileType = wrapper.application; includeInIndex = 0; path = HamburgerMenu.app; sourceTree = BUILT_PRODUCTS_DIR; };
		8AEA95AD21C229A4006EBB39 /* AppDelegate.swift */ = {isa = PBXFileReference; lastKnownFileType = sourcecode.swift; path = AppDelegate.swift; sourceTree = "<group>"; };
		8AEA95B221C229A4006EBB39 /* Base */ = {isa = PBXFileReference; lastKnownFileType = file.storyboard; name = Base; path = Base.lproj/Main.storyboard; sourceTree = "<group>"; };
		8AEA95B421C229A6006EBB39 /* Assets.xcassets */ = {isa = PBXFileReference; lastKnownFileType = folder.assetcatalog; path = Assets.xcassets; sourceTree = "<group>"; };
		8AEA95B721C229A6006EBB39 /* Base */ = {isa = PBXFileReference; lastKnownFileType = file.storyboard; name = Base; path = Base.lproj/LaunchScreen.storyboard; sourceTree = "<group>"; };
		8AEA95B921C229A6006EBB39 /* Info.plist */ = {isa = PBXFileReference; lastKnownFileType = text.plist.xml; path = Info.plist; sourceTree = "<group>"; };
		8AEA95BF21C22A9E006EBB39 /* ContainerVC.swift */ = {isa = PBXFileReference; lastKnownFileType = sourcecode.swift; path = ContainerVC.swift; sourceTree = "<group>"; };
		8AEA95C321C23161006EBB39 /* SideMenuVC.swift */ = {isa = PBXFileReference; lastKnownFileType = sourcecode.swift; path = SideMenuVC.swift; sourceTree = "<group>"; };
		8AEA95C621C23399006EBB39 /* Constant.swift */ = {isa = PBXFileReference; lastKnownFileType = sourcecode.swift; path = Constant.swift; sourceTree = "<group>"; };
		8AEA95C921C23641006EBB39 /* NavigationVC.swift */ = {isa = PBXFileReference; lastKnownFileType = sourcecode.swift; path = NavigationVC.swift; sourceTree = "<group>"; };
		8AEA95CB21C236BE006EBB39 /* DashboardVC.swift */ = {isa = PBXFileReference; lastKnownFileType = sourcecode.swift; path = DashboardVC.swift; sourceTree = "<group>"; };
		8AEA95CD21C23893006EBB39 /* FormVC.swift */ = {isa = PBXFileReference; lastKnownFileType = sourcecode.swift; path = FormVC.swift; sourceTree = "<group>"; };
		8AEA95CF21C2389B006EBB39 /* CalendarVC.swift */ = {isa = PBXFileReference; lastKnownFileType = sourcecode.swift; path = CalendarVC.swift; sourceTree = "<group>"; };
		8AEA95D121C238A5006EBB39 /* HumanResourceVC.swift */ = {isa = PBXFileReference; lastKnownFileType = sourcecode.swift; path = HumanResourceVC.swift; sourceTree = "<group>"; };
		8AEA95D321C238AE006EBB39 /* GuideVC.swift */ = {isa = PBXFileReference; lastKnownFileType = sourcecode.swift; path = GuideVC.swift; sourceTree = "<group>"; };
/* End PBXFileReference section */

/* Begin PBXFrameworksBuildPhase section */
		8AEA95A721C229A4006EBB39 /* Frameworks */ = {
			isa = PBXFrameworksBuildPhase;
			buildActionMask = 2147483647;
			files = (
			);
			runOnlyForDeploymentPostprocessing = 0;
		};
/* End PBXFrameworksBuildPhase section */

/* Begin PBXGroup section */
		8AEA95A121C229A3006EBB39 = {
			isa = PBXGroup;
			children = (
				8AEA95AC21C229A4006EBB39 /* HamburgerMenu */,
				8AEA95AB21C229A4006EBB39 /* Products */,
			);
			sourceTree = "<group>";
		};
		8AEA95AB21C229A4006EBB39 /* Products */ = {
			isa = PBXGroup;
			children = (
				8AEA95AA21C229A4006EBB39 /* HamburgerMenu.app */,
			);
			name = Products;
			sourceTree = "<group>";
		};
		8AEA95AC21C229A4006EBB39 /* HamburgerMenu */ = {
			isa = PBXGroup;
			children = (
				8AEA95C521C2338C006EBB39 /* Support Files */,
				8AEA95C621C23399006EBB39 /* Constant.swift */,
				8AEA95C821C233BC006EBB39 /* Controllers */,
				8AEA95AD21C229A4006EBB39 /* AppDelegate.swift */,
				8AEA95B121C229A4006EBB39 /* Main.storyboard */,
				8AEA95B421C229A6006EBB39 /* Assets.xcassets */,
				8AEA95B621C229A6006EBB39 /* LaunchScreen.storyboard */,
				8AEA95B921C229A6006EBB39 /* Info.plist */,
			);
			path = HamburgerMenu;
			sourceTree = "<group>";
		};
		8AEA95C521C2338C006EBB39 /* Support Files */ = {
			isa = PBXGroup;
			children = (
			);
			path = "Support Files";
			sourceTree = "<group>";
		};
		8AEA95C821C233BC006EBB39 /* Controllers */ = {
			isa = PBXGroup;
			children = (
				8AEA95BF21C22A9E006EBB39 /* ContainerVC.swift */,
				8AEA95C921C23641006EBB39 /* NavigationVC.swift */,
				8AEA95C321C23161006EBB39 /* SideMenuVC.swift */,
				8AEA95CB21C236BE006EBB39 /* DashboardVC.swift */,
				8AEA95CD21C23893006EBB39 /* FormVC.swift */,
				8AEA95CF21C2389B006EBB39 /* CalendarVC.swift */,
				8AEA95D121C238A5006EBB39 /* HumanResourceVC.swift */,
				8AEA95D321C238AE006EBB39 /* GuideVC.swift */,
			);
			path = Controllers;
			sourceTree = "<group>";
		};
/* End PBXGroup section */

/* Begin PBXNativeTarget section */
		8AEA95A921C229A4006EBB39 /* HamburgerMenu */ = {
			isa = PBXNativeTarget;
			buildConfigurationList = 8AEA95BC21C229A6006EBB39 /* Build configuration list for PBXNativeTarget "HamburgerMenu" */;
			buildPhases = (
				8AEA95A621C229A4006EBB39 /* Sources */,
				8AEA95A721C229A4006EBB39 /* Frameworks */,
				8AEA95A821C229A4006EBB39 /* Resources */,
			);
			buildRules = (
			);
			dependencies = (
			);
			name = HamburgerMenu;
			productName = HamburgerMenu;
			productReference = 8AEA95AA21C229A4006EBB39 /* HamburgerMenu.app */;
			productType = "com.apple.product-type.application";
		};
/* End PBXNativeTarget section */

/* Begin PBXProject section */
		8AEA95A221C229A3006EBB39 /* Project object */ = {
			isa = PBXProject;
			attributes = {
				LastSwiftUpdateCheck = 0940;
				LastUpgradeCheck = 0940;
				ORGANIZATIONNAME = "Rahul Chopra";
				TargetAttributes = {
					8AEA95A921C229A4006EBB39 = {
						CreatedOnToolsVersion = 9.4;
					};
				};
			};
			buildConfigurationList = 8AEA95A521C229A3006EBB39 /* Build configuration list for PBXProject "HamburgerMenu" */;
			compatibilityVersion = "Xcode 9.3";
			developmentRegion = en;
			hasScannedForEncodings = 0;
			knownRegions = (
				en,
				Base,
			);
			mainGroup = 8AEA95A121C229A3006EBB39;
			productRefGroup = 8AEA95AB21C229A4006EBB39 /* Products */;
			projectDirPath = "";
			projectRoot = "";
			targets = (
				8AEA95A921C229A4006EBB39 /* HamburgerMenu */,
			);
		};
/* End PBXProject section */

/* Begin PBXResourcesBuildPhase section */
		8AEA95A821C229A4006EBB39 /* Resources */ = {
			isa = PBXResourcesBuildPhase;
			buildActionMask = 2147483647;
			files = (
				8AEA95B821C229A6006EBB39 /* LaunchScreen.storyboard in Resources */,
				8AEA95B521C229A6006EBB39 /* Assets.xcassets in Resources */,
				8AEA95B321C229A4006EBB39 /* Main.storyboard in Resources */,
			);
			runOnlyForDeploymentPostprocessing = 0;
		};
/* End PBXResourcesBuildPhase section */

/* Begin PBXSourcesBuildPhase section */
		8AEA95A621C229A4006EBB39 /* Sources */ = {
			isa = PBXSourcesBuildPhase;
			buildActionMask = 2147483647;
			files = (
				8AEA95CA21C23641006EBB39 /* NavigationVC.swift in Sources */,
				8AEA95CC21C236BE006EBB39 /* DashboardVC.swift in Sources */,
				8AEA95C021C22A9E006EBB39 /* ContainerVC.swift in Sources */,
				8AEA95D221C238A5006EBB39 /* HumanResourceVC.swift in Sources */,
				8AEA95C721C23399006EBB39 /* Constant.swift in Sources */,
				8AEA95C421C23161006EBB39 /* SideMenuVC.swift in Sources */,
				8AEA95AE21C229A4006EBB39 /* AppDelegate.swift in Sources */,
				8AEA95D021C2389B006EBB39 /* CalendarVC.swift in Sources */,
				8AEA95CE21C23893006EBB39 /* FormVC.swift in Sources */,
				8AEA95D421C238AE006EBB39 /* GuideVC.swift in Sources */,
			);
			runOnlyForDeploymentPostprocessing = 0;
		};
/* End PBXSourcesBuildPhase section */

/* Begin PBXVariantGroup section */
		8AEA95B121C229A4006EBB39 /* Main.storyboard */ = {
			isa = PBXVariantGroup;
			children = (
				8AEA95B221C229A4006EBB39 /* Base */,
			);
			name = Main.storyboard;
			sourceTree = "<group>";
		};
		8AEA95B621C229A6006EBB39 /* LaunchScreen.storyboard */ = {
			isa = PBXVariantGroup;
			children = (
				8AEA95B721C229A6006EBB39 /* Base */,
			);
			name = LaunchScreen.storyboard;
			sourceTree = "<group>";
		};
/* End PBXVariantGroup section */

/* Begin XCBuildConfiguration section */
		8AEA95BA21C229A6006EBB39 /* Debug */ = {
			isa = XCBuildConfiguration;
			buildSettings = {
				ALWAYS_SEARCH_USER_PATHS = NO;
				CLANG_ANALYZER_NONNULL = YES;
				CLANG_ANALYZER_NUMBER_OBJECT_CONVERSION = YES_AGGRESSIVE;
				CLANG_CXX_LANGUAGE_STANDARD = "gnu++14";
				CLANG_CXX_LIBRARY = "libc++";
				CLANG_ENABLE_MODULES = YES;
				CLANG_ENABLE_OBJC_ARC = YES;
				CLANG_ENABLE_OBJC_WEAK = YES;
				CLANG_WARN_BLOCK_CAPTURE_AUTORELEASING = YES;
				CLANG_WARN_BOOL_CONVERSION = YES;
				CLANG_WARN_COMMA = YES;
				CLANG_WARN_CONSTANT_CONVERSION = YES;
				CLANG_WARN_DEPRECATED_OBJC_IMPLEMENTATIONS = YES;
				CLANG_WARN_DIRECT_OBJC_ISA_USAGE = YES_ERROR;
				CLANG_WARN_DOCUMENTATION_COMMENTS = YES;
				CLANG_WARN_EMPTY_BODY = YES;
				CLANG_WARN_ENUM_CONVERSION = YES;
				CLANG_WARN_INFINITE_RECURSION = YES;
				CLANG_WARN_INT_CONVERSION = YES;
				CLANG_WARN_NON_LITERAL_NULL_CONVERSION = YES;
				CLANG_WARN_OBJC_IMPLICIT_RETAIN_SELF = YES;
				CLANG_WARN_OBJC_LITERAL_CONVERSION = YES;
				CLANG_WARN_OBJC_ROOT_CLASS = YES_ERROR;
				CLANG_WARN_RANGE_LOOP_ANALYSIS = YES;
				CLANG_WARN_STRICT_PROTOTYPES = YES;
				CLANG_WARN_SUSPICIOUS_MOVE = YES;
				CLANG_WARN_UNGUARDED_AVAILABILITY = YES_AGGRESSIVE;
				CLANG_WARN_UNREACHABLE_CODE = YES;
				CLANG_WARN__DUPLICATE_METHOD_MATCH = YES;
				CODE_SIGN_IDENTITY = "iPhone Developer";
				COPY_PHASE_STRIP = NO;
				DEBUG_INFORMATION_FORMAT = dwarf;
				ENABLE_STRICT_OBJC_MSGSEND = YES;
				ENABLE_TESTABILITY = YES;
				GCC_C_LANGUAGE_STANDARD = gnu11;
				GCC_DYNAMIC_NO_PIC = NO;
				GCC_NO_COMMON_BLOCKS = YES;
				GCC_OPTIMIZATION_LEVEL = 0;
				GCC_PREPROCESSOR_DEFINITIONS = (
					"DEBUG=1",
					"$(inherited)",
				);
				GCC_WARN_64_TO_32_BIT_CONVERSION = YES;
				GCC_WARN_ABOUT_RETURN_TYPE = YES_ERROR;
				GCC_WARN_UNDECLARED_SELECTOR = YES;
				GCC_WARN_UNINITIALIZED_AUTOS = YES_AGGRESSIVE;
				GCC_WARN_UNUSED_FUNCTION = YES;
				GCC_WARN_UNUSED_VARIABLE = YES;
				IPHONEOS_DEPLOYMENT_TARGET = 11.4;
				MTL_ENABLE_DEBUG_INFO = YES;
				ONLY_ACTIVE_ARCH = YES;
				SDKROOT = iphoneos;
				SWIFT_ACTIVE_COMPILATION_CONDITIONS = DEBUG;
				SWIFT_OPTIMIZATION_LEVEL = "-Onone";
			};
			name = Debug;
		};
		8AEA95BB21C229A6006EBB39 /* Release */ = {
			isa = XCBuildConfiguration;
			buildSettings = {
				ALWAYS_SEARCH_USER_PATHS = NO;
				CLANG_ANALYZER_NONNULL = YES;
				CLANG_ANALYZER_NUMBER_OBJECT_CONVERSION = YES_AGGRESSIVE;
				CLANG_CXX_LANGUAGE_STANDARD = "gnu++14";
				CLANG_CXX_LIBRARY = "libc++";
				CLANG_ENABLE_MODULES = YES;
				CLANG_ENABLE_OBJC_ARC = YES;
				CLANG_ENABLE_OBJC_WEAK = YES;
				CLANG_WARN_BLOCK_CAPTURE_AUTORELEASING = YES;
				CLANG_WARN_BOOL_CONVERSION = YES;
				CLANG_WARN_COMMA = YES;
				CLANG_WARN_CONSTANT_CONVERSION = YES;
				CLANG_WARN_DEPRECATED_OBJC_IMPLEMENTATIONS = YES;
				CLANG_WARN_DIRECT_OBJC_ISA_USAGE = YES_ERROR;
				CLANG_WARN_DOCUMENTATION_COMMENTS = YES;
				CLANG_WARN_EMPTY_BODY = YES;
				CLANG_WARN_ENUM_CONVERSION = YES;
				CLANG_WARN_INFINITE_RECURSION = YES;
				CLANG_WARN_INT_CONVERSION = YES;
				CLANG_WARN_NON_LITERAL_NULL_CONVERSION = YES;
				CLANG_WARN_OBJC_IMPLICIT_RETAIN_SELF = YES;
				CLANG_WARN_OBJC_LITERAL_CONVERSION = YES;
				CLANG_WARN_OBJC_ROOT_CLASS = YES_ERROR;
				CLANG_WARN_RANGE_LOOP_ANALYSIS = YES;
				CLANG_WARN_STRICT_PROTOTYPES = YES;
				CLANG_WARN_SUSPICIOUS_MOVE = YES;
				CLANG_WARN_UNGUARDED_AVAILABILITY = YES_AGGRESSIVE;
				CLANG_WARN_UNREACHABLE_CODE = YES;
				CLANG_WARN__DUPLICATE_METHOD_MATCH = YES;
				CODE_SIGN_IDENTITY = "iPhone Developer";
				COPY_PHASE_STRIP = NO;
				DEBUG_INFORMATION_FORMAT = "dwarf-with-dsym";
				ENABLE_NS_ASSERTIONS = NO;
				ENABLE_STRICT_OBJC_MSGSEND = YES;
				GCC_C_LANGUAGE_STANDARD = gnu11;
				GCC_NO_COMMON_BLOCKS = YES;
				GCC_WARN_64_TO_32_BIT_CONVERSION = YES;
				GCC_WARN_ABOUT_RETURN_TYPE = YES_ERROR;
				GCC_WARN_UNDECLARED_SELECTOR = YES;
				GCC_WARN_UNINITIALIZED_AUTOS = YES_AGGRESSIVE;
				GCC_WARN_UNUSED_FUNCTION = YES;
				GCC_WARN_UNUSED_VARIABLE = YES;
				IPHONEOS_DEPLOYMENT_TARGET = 11.4;
				MTL_ENABLE_DEBUG_INFO = NO;
				SDKROOT = iphoneos;
				SWIFT_COMPILATION_MODE = wholemodule;
				SWIFT_OPTIMIZATION_LEVEL = "-O";
				VALIDATE_PRODUCT = YES;
			};
			name = Release;
		};
		8AEA95BD21C229A6006EBB39 /* Debug */ = {
			isa = XCBuildConfiguration;
			buildSettings = {
				ASSETCATALOG_COMPILER_APPICON_NAME = AppIcon;
				CODE_SIGN_STYLE = Automatic;
				INFOPLIST_FILE = HamburgerMenu/Info.plist;
				LD_RUNPATH_SEARCH_PATHS = (
					"$(inherited)",
					"@executable_path/Frameworks",
				);
				PRODUCT_BUNDLE_IDENTIFIER = appsmall.HamburgerMenu;
				PRODUCT_NAME = "$(TARGET_NAME)";
				SWIFT_VERSION = 4.0;
				TARGETED_DEVICE_FAMILY = "1,2";
			};
			name = Debug;
		};
		8AEA95BE21C229A6006EBB39 /* Release */ = {
			isa = XCBuildConfiguration;
			buildSettings = {
				ASSETCATALOG_COMPILER_APPICON_NAME = AppIcon;
				CODE_SIGN_STYLE = Automatic;
				INFOPLIST_FILE = HamburgerMenu/Info.plist;
				LD_RUNPATH_SEARCH_PATHS = (
					"$(inherited)",
					"@executable_path/Frameworks",
				);
				PRODUCT_BUNDLE_IDENTIFIER = appsmall.HamburgerMenu;
				PRODUCT_NAME = "$(TARGET_NAME)";
				SWIFT_VERSION = 4.0;
				TARGETED_DEVICE_FAMILY = "1,2";
			};
			name = Release;
		};
/* End XCBuildConfiguration section */

/* Begin XCConfigurationList section */
		8AEA95A521C229A3006EBB39 /* Build configuration list for PBXProject "HamburgerMenu" */ = {
			isa = XCConfigurationList;
			buildConfigurations = (
				8AEA95BA21C229A6006EBB39 /* Debug */,
				8AEA95BB21C229A6006EBB39 /* Release */,
			);
			defaultConfigurationIsVisible = 0;
			defaultConfigurationName = Release;
		};
		8AEA95BC21C229A6006EBB39 /* Build configuration list for PBXNativeTarget "HamburgerMenu" */ = {
			isa = XCConfigurationList;
			buildConfigurations = (
				8AEA95BD21C229A6006EBB39 /* Debug */,
				8AEA95BE21C229A6006EBB39 /* Release */,
			);
			defaultConfigurationIsVisible = 0;
			defaultConfigurationName = Release;
		};
/* End XCConfigurationList section */
	};
	rootObject = 8AEA95A221C229A3006EBB39 /* Project object */;
}
